// !$*UTF8*$!
{
	archiveVersion = 1;
	classes = {
	};
	objectVersion = 46;
	objects = {

/* Begin PBXBuildFile section */
		842EDDF517AAFD5300BBAFDD /* FailedBankInfo.m in Sources */ = {isa = PBXBuildFile; fileRef = 842EDDF417AAFD5200BBAFDD /* FailedBankInfo.m */; };
		842EDDF817AAFD9F00BBAFDD /* FailedBankDetails.m in Sources */ = {isa = PBXBuildFile; fileRef = 842EDDF717AAFD9F00BBAFDD /* FailedBankDetails.m */; };
		843EF86E17AAEA8F00A20A4A /* UIKit.framework in Frameworks */ = {isa = PBXBuildFile; fileRef = 843EF86D17AAEA8F00A20A4A /* UIKit.framework */; };
		843EF87017AAEA8F00A20A4A /* Foundation.framework in Frameworks */ = {isa = PBXBuildFile; fileRef = 843EF86F17AAEA8F00A20A4A /* Foundation.framework */; };
		843EF87217AAEA8F00A20A4A /* CoreGraphics.framework in Frameworks */ = {isa = PBXBuildFile; fileRef = 843EF87117AAEA8F00A20A4A /* CoreGraphics.framework */; };
		843EF87417AAEA8F00A20A4A /* CoreData.framework in Frameworks */ = {isa = PBXBuildFile; fileRef = 843EF87317AAEA8F00A20A4A /* CoreData.framework */; };
		843EF87A17AAEA8F00A20A4A /* InfoPlist.strings in Resources */ = {isa = PBXBuildFile; fileRef = 843EF87817AAEA8F00A20A4A /* InfoPlist.strings */; };
		843EF87C17AAEA8F00A20A4A /* main.m in Sources */ = {isa = PBXBuildFile; fileRef = 843EF87B17AAEA8F00A20A4A /* main.m */; };
		843EF88017AAEA8F00A20A4A /* FBCDAppDelegate.m in Sources */ = {isa = PBXBuildFile; fileRef = 843EF87F17AAEA8F00A20A4A /* FBCDAppDelegate.m */; };
		843EF88217AAEA8F00A20A4A /* Default.png in Resources */ = {isa = PBXBuildFile; fileRef = 843EF88117AAEA8F00A20A4A /* Default.png */; };
		843EF88417AAEA8F00A20A4A /* Default@2x.png in Resources */ = {isa = PBXBuildFile; fileRef = 843EF88317AAEA8F00A20A4A /* Default@2x.png */; };
		843EF88617AAEA8F00A20A4A /* Default-568h@2x.png in Resources */ = {isa = PBXBuildFile; fileRef = 843EF88517AAEA8F00A20A4A /* Default-568h@2x.png */; };
		843EF88917AAEA8F00A20A4A /* MainStoryboard.storyboard in Resources */ = {isa = PBXBuildFile; fileRef = 843EF88717AAEA8F00A20A4A /* MainStoryboard.storyboard */; };
		843EF88C17AAEA8F00A20A4A /* FailedBankCD.xcdatamodeld in Sources */ = {isa = PBXBuildFile; fileRef = 843EF88A17AAEA8F00A20A4A /* FailedBankCD.xcdatamodeld */; };
		843EF89A17AAEB0D00A20A4A /* FBCDMasterViewController.m in Sources */ = {isa = PBXBuildFile; fileRef = 843EF89917AAEB0D00A20A4A /* FBCDMasterViewController.m */; };
/* End PBXBuildFile section */

/* Begin PBXFileReference section */
		842EDDF317AAFD5200BBAFDD /* FailedBankInfo.h */ = {isa = PBXFileReference; fileEncoding = 4; lastKnownFileType = sourcecode.c.h; path = FailedBankInfo.h; sourceTree = "<group>"; };
		842EDDF417AAFD5200BBAFDD /* FailedBankInfo.m */ = {isa = PBXFileReference; fileEncoding = 4; lastKnownFileType = sourcecode.c.objc; path = FailedBankInfo.m; sourceTree = "<group>"; };
		842EDDF617AAFD9F00BBAFDD /* FailedBankDetails.h */ = {isa = PBXFileReference; fileEncoding = 4; lastKnownFileType = sourcecode.c.h; path = FailedBankDetails.h; sourceTree = "<group>"; };
		842EDDF717AAFD9F00BBAFDD /* FailedBankDetails.m */ = {isa = PBXFileReference; fileEncoding = 4; lastKnownFileType = sourcecode.c.objc; path = FailedBankDetails.m; sourceTree = "<group>"; };
		843EF86A17AAEA8F00A20A4A /* FailedBankCD.app */ = {isa = PBXFileReference; explicitFileType = wrapper.application; includeInIndex = 0; path = FailedBankCD.app; sourceTree = BUILT_PRODUCTS_DIR; };
		843EF86D17AAEA8F00A20A4A /* UIKit.framework */ = {isa = PBXFileReference; lastKnownFileType = wrapper.framework; name = UIKit.framework; path = System/Library/Frameworks/UIKit.framework; sourceTree = SDKROOT; };
		843EF86F17AAEA8F00A20A4A /* Foundation.framework */ = {isa = PBXFileReference; lastKnownFileType = wrapper.framework; name = Foundation.framework; path = System/Library/Frameworks/Foundation.framework; sourceTree = SDKROOT; };
		843EF87117AAEA8F00A20A4A /* CoreGraphics.framework */ = {isa = PBXFileReference; lastKnownFileType = wrapper.framework; name = CoreGraphics.framework; path = System/Library/Frameworks/CoreGraphics.framework; sourceTree = SDKROOT; };
		843EF87317AAEA8F00A20A4A /* CoreData.framework */ = {isa = PBXFileReference; lastKnownFileType = wrapper.framework; name = CoreData.framework; path = System/Library/Frameworks/CoreData.framework; sourceTree = SDKROOT; };
		843EF87717AAEA8F00A20A4A /* FailedBankCD-Info.plist */ = {isa = PBXFileReference; lastKnownFileType = text.plist.xml; path = "FailedBankCD-Info.plist"; sourceTree = "<group>"; };
		843EF87917AAEA8F00A20A4A /* en */ = {isa = PBXFileReference; lastKnownFileType = text.plist.strings; name = en; path = en.lproj/InfoPlist.strings; sourceTree = "<group>"; };
		843EF87B17AAEA8F00A20A4A /* main.m */ = {isa = PBXFileReference; lastKnownFileType = sourcecode.c.objc; path = main.m; sourceTree = "<group>"; };
		843EF87D17AAEA8F00A20A4A /* FailedBankCD-Prefix.pch */ = {isa = PBXFileReference; lastKnownFileType = sourcecode.c.h; path = "FailedBankCD-Prefix.pch"; sourceTree = "<group>"; };
		843EF87E17AAEA8F00A20A4A /* FBCDAppDelegate.h */ = {isa = PBXFileReference; lastKnownFileType = sourcecode.c.h; path = FBCDAppDelegate.h; sourceTree = "<group>"; };
		843EF87F17AAEA8F00A20A4A /* FBCDAppDelegate.m */ = {isa = PBXFileReference; lastKnownFileType = sourcecode.c.objc; path = FBCDAppDelegate.m; sourceTree = "<group>"; };
		843EF88117AAEA8F00A20A4A /* Default.png */ = {isa = PBXFileReference; lastKnownFileType = image.png; path = Default.png; sourceTree = "<group>"; };
		843EF88317AAEA8F00A20A4A /* Default@2x.png */ = {isa = PBXFileReference; lastKnownFileType = image.png; path = "Default@2x.png"; sourceTree = "<group>"; };
		843EF88517AAEA8F00A20A4A /* Default-568h@2x.png */ = {isa = PBXFileReference; lastKnownFileType = image.png; path = "Default-568h@2x.png"; sourceTree = "<group>"; };
		843EF88817AAEA8F00A20A4A /* en */ = {isa = PBXFileReference; lastKnownFileType = file.storyboard; name = en; path = en.lproj/MainStoryboard.storyboard; sourceTree = "<group>"; };
		843EF88B17AAEA8F00A20A4A /* FailedBankCD.xcdatamodel */ = {isa = PBXFileReference; lastKnownFileType = wrapper.xcdatamodel; path = FailedBankCD.xcdatamodel; sourceTree = "<group>"; };
		843EF89817AAEB0D00A20A4A /* FBCDMasterViewController.h */ = {isa = PBXFileReference; fileEncoding = 4; lastKnownFileType = sourcecode.c.h; path = FBCDMasterViewController.h; sourceTree = "<group>"; };
		843EF89917AAEB0D00A20A4A /* FBCDMasterViewController.m */ = {isa = PBXFileReference; fileEncoding = 4; lastKnownFileType = sourcecode.c.objc; path = FBCDMasterViewController.m; sourceTree = "<group>"; };
/* End PBXFileReference section */

/* Begin PBXFrameworksBuildPhase section */
		843EF86717AAEA8F00A20A4A /* Frameworks */ = {
			isa = PBXFrameworksBuildPhase;
			buildActionMask = 2147483647;
			files = (
				843EF86E17AAEA8F00A20A4A /* UIKit.framework in Frameworks */,
				843EF87017AAEA8F00A20A4A /* Foundation.framework in Frameworks */,
				843EF87217AAEA8F00A20A4A /* CoreGraphics.framework in Frameworks */,
				843EF87417AAEA8F00A20A4A /* CoreData.framework in Frameworks */,
			);
			runOnlyForDeploymentPostprocessing = 0;
		};
/* End PBXFrameworksBuildPhase section */

/* Begin PBXGroup section */
		842EDDF917AAFDA700BBAFDD /* Data Model */ = {
			isa = PBXGroup;
			children = (
				842EDDF617AAFD9F00BBAFDD /* FailedBankDetails.h */,
				842EDDF717AAFD9F00BBAFDD /* FailedBankDetails.m */,
				842EDDF317AAFD5200BBAFDD /* FailedBankInfo.h */,
				842EDDF417AAFD5200BBAFDD /* FailedBankInfo.m */,
			);
			name = "Data Model";
			sourceTree = "<group>";
		};
		843EF86117AAEA8F00A20A4A = {
			isa = PBXGroup;
			children = (
				843EF87517AAEA8F00A20A4A /* FailedBankCD */,
				843EF86C17AAEA8F00A20A4A /* Frameworks */,
				843EF86B17AAEA8F00A20A4A /* Products */,
			);
			sourceTree = "<group>";
		};
		843EF86B17AAEA8F00A20A4A /* Products */ = {
			isa = PBXGroup;
			children = (
				843EF86A17AAEA8F00A20A4A /* FailedBankCD.app */,
			);
			name = Products;
			sourceTree = "<group>";
		};
		843EF86C17AAEA8F00A20A4A /* Frameworks */ = {
			isa = PBXGroup;
			children = (
				843EF86D17AAEA8F00A20A4A /* UIKit.framework */,
				843EF86F17AAEA8F00A20A4A /* Foundation.framework */,
				843EF87117AAEA8F00A20A4A /* CoreGraphics.framework */,
				843EF87317AAEA8F00A20A4A /* CoreData.framework */,
			);
			name = Frameworks;
			sourceTree = "<group>";
		};
		843EF87517AAEA8F00A20A4A /* FailedBankCD */ = {
			isa = PBXGroup;
			children = (
				842EDDF917AAFDA700BBAFDD /* Data Model */,
				843EF87E17AAEA8F00A20A4A /* FBCDAppDelegate.h */,
				843EF87F17AAEA8F00A20A4A /* FBCDAppDelegate.m */,
				843EF88717AAEA8F00A20A4A /* MainStoryboard.storyboard */,
				843EF88A17AAEA8F00A20A4A /* FailedBankCD.xcdatamodeld */,
				843EF89817AAEB0D00A20A4A /* FBCDMasterViewController.h */,
				843EF89917AAEB0D00A20A4A /* FBCDMasterViewController.m */,
				843EF87617AAEA8F00A20A4A /* Supporting Files */,
			);
			path = FailedBankCD;
			sourceTree = "<group>";
		};
		843EF87617AAEA8F00A20A4A /* Supporting Files */ = {
			isa = PBXGroup;
			children = (
				843EF87717AAEA8F00A20A4A /* FailedBankCD-Info.plist */,
				843EF87817AAEA8F00A20A4A /* InfoPlist.strings */,
				843EF87B17AAEA8F00A20A4A /* main.m */,
				843EF87D17AAEA8F00A20A4A /* FailedBankCD-Prefix.pch */,
				843EF88117AAEA8F00A20A4A /* Default.png */,
				843EF88317AAEA8F00A20A4A /* Default@2x.png */,
				843EF88517AAEA8F00A20A4A /* Default-568h@2x.png */,
			);
			name = "Supporting Files";
			sourceTree = "<group>";
		};
/* End PBXGroup section */

/* Begin PBXNativeTarget section */
		843EF86917AAEA8F00A20A4A /* FailedBankCD */ = {
			isa = PBXNativeTarget;
			buildConfigurationList = 843EF89517AAEA8F00A20A4A /* Build configuration list for PBXNativeTarget "FailedBankCD" */;
			buildPhases = (
				843EF86617AAEA8F00A20A4A /* Sources */,
				843EF86717AAEA8F00A20A4A /* Frameworks */,
				843EF86817AAEA8F00A20A4A /* Resources */,
			);
			buildRules = (
			);
			dependencies = (
			);
			name = FailedBankCD;
			productName = FailedBankCD;
			productReference = 843EF86A17AAEA8F00A20A4A /* FailedBankCD.app */;
			productType = "com.apple.product-type.application";
		};
/* End PBXNativeTarget section */

/* Begin PBXProject section */
		843EF86217AAEA8F00A20A4A /* Project object */ = {
			isa = PBXProject;
			attributes = {
				CLASSPREFIX = FBCD;
				LastUpgradeCheck = 0460;
				ORGANIZATIONNAME = admin;
			};
			buildConfigurationList = 843EF86517AAEA8F00A20A4A /* Build configuration list for PBXProject "FailedBankCD" */;
			compatibilityVersion = "Xcode 3.2";
			developmentRegion = English;
			hasScannedForEncodings = 0;
			knownRegions = (
				en,
			);
			mainGroup = 843EF86117AAEA8F00A20A4A;
			productRefGroup = 843EF86B17AAEA8F00A20A4A /* Products */;
			projectDirPath = "";
			projectRoot = "";
			targets = (
				843EF86917AAEA8F00A20A4A /* FailedBankCD */,
			);
		};
/* End PBXProject section */

/* Begin PBXResourcesBuildPhase section */
		843EF86817AAEA8F00A20A4A /* Resources */ = {
			isa = PBXResourcesBuildPhase;
			buildActionMask = 2147483647;
			files = (
				843EF87A17AAEA8F00A20A4A /* InfoPlist.strings in Resources */,
				843EF88217AAEA8F00A20A4A /* Default.png in Resources */,
				843EF88417AAEA8F00A20A4A /* Default@2x.png in Resources */,
				843EF88617AAEA8F00A20A4A /* Default-568h@2x.png in Resources */,
				843EF88917AAEA8F00A20A4A /* MainStoryboard.storyboard in Resources */,
			);
			runOnlyForDeploymentPostprocessing = 0;
		};
/* End PBXResourcesBuildPhase section */

/* Begin PBXSourcesBuildPhase section */
		843EF86617AAEA8F00A20A4A /* Sources */ = {
			isa = PBXSourcesBuildPhase;
			buildActionMask = 2147483647;
			files = (
				843EF87C17AAEA8F00A20A4A /* main.m in Sources */,
				843EF88017AAEA8F00A20A4A /* FBCDAppDelegate.m in Sources */,
				843EF88C17AAEA8F00A20A4A /* FailedBankCD.xcdatamodeld in Sources */,
				843EF89A17AAEB0D00A20A4A /* FBCDMasterViewController.m in Sources */,
				842EDDF517AAFD5300BBAFDD /* FailedBankInfo.m in Sources */,
				842EDDF817AAFD9F00BBAFDD /* FailedBankDetails.m in Sources */,
			);
			runOnlyForDeploymentPostprocessing = 0;
		};
/* End PBXSourcesBuildPhase section */

/* Begin PBXVariantGroup section */
		843EF87817AAEA8F00A20A4A /* InfoPlist.strings */ = {
			isa = PBXVariantGroup;
			children = (
				843EF87917AAEA8F00A20A4A /* en */,
			);
			name = InfoPlist.strings;
			sourceTree = "<group>";
		};
		843EF88717AAEA8F00A20A4A /* MainStoryboard.storyboard */ = {
			isa = PBXVariantGroup;
			children = (
				843EF88817AAEA8F00A20A4A /* en */,
			);
			name = MainStoryboard.storyboard;
			sourceTree = "<group>";
		};
/* End PBXVariantGroup section */

/* Begin XCBuildConfiguration section */
		843EF89317AAEA8F00A20A4A /* Debug */ = {
			isa = XCBuildConfiguration;
			buildSettings = {
				ALWAYS_SEARCH_USER_PATHS = NO;
				CLANG_CXX_LANGUAGE_STANDARD = "gnu++0x";
				CLANG_CXX_LIBRARY = "libc++";
				CLANG_ENABLE_OBJC_ARC = YES;
				CLANG_WARN_CONSTANT_CONVERSION = YES;
				CLANG_WARN_EMPTY_BODY = YES;
				CLANG_WARN_ENUM_CONVERSION = YES;
				CLANG_WARN_INT_CONVERSION = YES;
				CLANG_WARN__DUPLICATE_METHOD_MATCH = YES;
				"CODE_SIGN_IDENTITY[sdk=iphoneos*]" = "iPhone Developer";
				COPY_PHASE_STRIP = NO;
				GCC_C_LANGUAGE_STANDARD = gnu99;
				GCC_DYNAMIC_NO_PIC = NO;
				GCC_OPTIMIZATION_LEVEL = 0;
				GCC_PREPROCESSOR_DEFINITIONS = (
					"DEBUG=1",
					"$(inherited)",
				);
				GCC_SYMBOLS_PRIVATE_EXTERN = NO;
				GCC_WARN_ABOUT_RETURN_TYPE = YES;
				GCC_WARN_UNINITIALIZED_AUTOS = YES;
				GCC_WARN_UNUSED_VARIABLE = YES;
				IPHONEOS_DEPLOYMENT_TARGET = 6.1;
				ONLY_ACTIVE_ARCH = YES;
				SDKROOT = iphoneos;
			};
			name = Debug;
		};
		843EF89417AAEA8F00A20A4A /* Release */ = {
			isa = XCBuildConfiguration;
			buildSettings = {
				ALWAYS_SEARCH_USER_PATHS = NO;
				CLANG_CXX_LANGUAGE_STANDARD = "gnu++0x";
				CLANG_CXX_LIBRARY = "libc++";
				CLANG_ENABLE_OBJC_ARC = YES;
				CLANG_WARN_CONSTANT_CONVERSION = YES;
				CLANG_WARN_EMPTY_BODY = YES;
				CLANG_WARN_ENUM_CONVERSION = YES;
				CLANG_WARN_INT_CONVERSION = YES;
				CLANG_WARN__DUPLICATE_METHOD_MATCH = YES;
				"CODE_SIGN_IDENTITY[sdk=iphoneos*]" = "iPhone Developer";
				COPY_PHASE_STRIP = YES;
				GCC_C_LANGUAGE_STANDARD = gnu99;
				GCC_WARN_ABOUT_RETURN_TYPE = YES;
				GCC_WARN_UNINITIALIZED_AUTOS = YES;
				GCC_WARN_UNUSED_VARIABLE = YES;
				IPHONEOS_DEPLOYMENT_TARGET = 6.1;
				OTHER_CFLAGS = "-DNS_BLOCK_ASSERTIONS=1";
				SDKROOT = iphoneos;
				VALIDATE_PRODUCT = YES;
			};
			name = Release;
		};
		843EF89617AAEA8F00A20A4A /* Debug */ = {
			isa = XCBuildConfiguration;
			buildSettings = {
				GCC_PRECOMPILE_PREFIX_HEADER = YES;
				GCC_PREFIX_HEADER = "FailedBankCD/FailedBankCD-Prefix.pch";
				INFOPLIST_FILE = "FailedBankCD/FailedBankCD-Info.plist";
				PRODUCT_NAME = "$(TARGET_NAME)";
				WRAPPER_EXTENSION = app;
			};
			name = Debug;
		};
		843EF89717AAEA8F00A20A4A /* Release */ = {
			isa = XCBuildConfiguration;
			buildSettings = {
				GCC_PRECOMPILE_PREFIX_HEADER = YES;
				GCC_PREFIX_HEADER = "FailedBankCD/FailedBankCD-Prefix.pch";
				INFOPLIST_FILE = "FailedBankCD/FailedBankCD-Info.plist";
				PRODUCT_NAME = "$(TARGET_NAME)";
				WRAPPER_EXTENSION = app;
			};
			name = Release;
		};
/* End XCBuildConfiguration section */

/* Begin XCConfigurationList section */
		843EF86517AAEA8F00A20A4A /* Build configuration list for PBXProject "FailedBankCD" */ = {
			isa = XCConfigurationList;
			buildConfigurations = (
				843EF89317AAEA8F00A20A4A /* Debug */,
				843EF89417AAEA8F00A20A4A /* Release */,
			);
			defaultConfigurationIsVisible = 0;
			defaultConfigurationName = Release;
		};
		843EF89517AAEA8F00A20A4A /* Build configuration list for PBXNativeTarget "FailedBankCD" */ = {
			isa = XCConfigurationList;
			buildConfigurations = (
				843EF89617AAEA8F00A20A4A /* Debug */,
				843EF89717AAEA8F00A20A4A /* Release */,
			);
			defaultConfigurationIsVisible = 0;
			defaultConfigurationName = Release;
		};
/* End XCConfigurationList section */

/* Begin XCVersionGroup section */
		843EF88A17AAEA8F00A20A4A /* FailedBankCD.xcdatamodeld */ = {
			isa = XCVersionGroup;
			children = (
				843EF88B17AAEA8F00A20A4A /* FailedBankCD.xcdatamodel */,
			);
			currentVersion = 843EF88B17AAEA8F00A20A4A /* FailedBankCD.xcdatamodel */;
			path = FailedBankCD.xcdatamodeld;
			sourceTree = "<group>";
			versionGroupType = wrapper.xcdatamodel;
		};
/* End XCVersionGroup section */
	};
	rootObject = 843EF86217AAEA8F00A20A4A /* Project object */;
}
